
Microsoft Visual Studio Solution File, Format Version 12.00
# Visual Studio Version 16
VisualStudioVersion = 16.0.31410.357
MinimumVisualStudioVersion = 10.0.40219.1
Project("{FAE04EC0-301F-11D3-BF4B-00C04F79EFBC}") = "ExpressionTreeVisualizer.UIDemo", "ExpressionTreeVisualizer.UIDemo\ExpressionTreeVisualizer.UIDemo.csproj", "{8A50BD86-B883-44BB-B8CF-B957D35A3DF0}"
EndProject
Project("{2150E333-8FDC-42A3-9474-1A3956D46DE8}") = "Solution Items", "Solution Items", "{6D86C568-94C1-4D0A-8A14-1427F692033F}"
	ProjectSection(SolutionItems) = preProject
		.editorconfig = .editorconfig
	EndProjectSection
EndProject
Global
	GlobalSection(SolutionConfigurationPlatforms) = preSolution
		Debug|Any CPU = Debug|Any CPU
		Release|Any CPU = Release|Any CPU
	EndGlobalSection
	GlobalSection(ProjectConfigurationPlatforms) = postSolution
		{8A50BD86-B883-44BB-B8CF-B957D35A3DF0}.Debug|Any CPU.ActiveCfg = Debug|Any CPU
		{8A50BD86-B883-44BB-B8CF-B957D35A3DF0}.Debug|Any CPU.Build.0 = Debug|Any CPU
		{8A50BD86-B883-44BB-B8CF-B957D35A3DF0}.Release|Any CPU.ActiveCfg = Release|Any CPU
		{8A50BD86-B883-44BB-B8CF-B957D35A3DF0}.Release|Any CPU.Build.0 = Release|Any CPU
	EndGlobalSection
	GlobalSection(SolutionProperties) = preSolution
		HideSolutionNode = FALSE
	EndGlobalSection
	GlobalSection(ExtensibilityGlobals) = postSolution
		SolutionGuid = {533FF99B-DE3A-4794-969B-8B84DECA2A1C}
	EndGlobalSection
EndGlobal
